
Microsoft Visual Studio Solution File, Format Version 12.00
# Visual Studio Version 16
VisualStudioVersion = 16.0.29613.14
MinimumVisualStudioVersion = 10.0.40219.1
Project("{9A19103F-16F7-4668-BE54-9A1E7A4F7556}") = "Retrospective.API", "Retrospective.API\Retrospective.API.csproj", "{76B9F3E0-00A6-411B-9F09-1456A16C510D}"
EndProject
Project("{E53339B2-1760-4266-BCC7-CA923CBCF16C}") = "docker-compose", "docker-compose.dcproj", "{3908A77B-49DC-48BB-8463-5ACBF5C09F44}"
EndProject
Global
	GlobalSection(SolutionConfigurationPlatforms) = preSolution
		Debug|Any CPU = Debug|Any CPU
		Release|Any CPU = Release|Any CPU
	EndGlobalSection
	GlobalSection(ProjectConfigurationPlatforms) = postSolution
		{76B9F3E0-00A6-411B-9F09-1456A16C510D}.Debug|Any CPU.ActiveCfg = Debug|Any CPU
		{76B9F3E0-00A6-411B-9F09-1456A16C510D}.Debug|Any CPU.Build.0 = Debug|Any CPU
		{76B9F3E0-00A6-411B-9F09-1456A16C510D}.Release|Any CPU.ActiveCfg = Release|Any CPU
		{76B9F3E0-00A6-411B-9F09-1456A16C510D}.Release|Any CPU.Build.0 = Release|Any CPU
		{3908A77B-49DC-48BB-8463-5ACBF5C09F44}.Debug|Any CPU.ActiveCfg = Debug|Any CPU
		{3908A77B-49DC-48BB-8463-5ACBF5C09F44}.Debug|Any CPU.Build.0 = Debug|Any CPU
		{3908A77B-49DC-48BB-8463-5ACBF5C09F44}.Release|Any CPU.ActiveCfg = Release|Any CPU
		{3908A77B-49DC-48BB-8463-5ACBF5C09F44}.Release|Any CPU.Build.0 = Release|Any CPU
	EndGlobalSection
	GlobalSection(SolutionProperties) = preSolution
		HideSolutionNode = FALSE
	EndGlobalSection
	GlobalSection(ExtensibilityGlobals) = postSolution
		SolutionGuid = {C4C809EF-2D20-41EB-B028-18B7E72784A3}
	EndGlobalSection
EndGlobal
